
Microsoft Visual Studio Solution File, Format Version 10.00
# Visual Studio 2008
Project("{8BC9CEB8-8B4A-11D0-8D11-00A0C91BC942}") = "KylTek", "KylTek\KylTek.vcproj", "{997F997B-D3AD-4B39-8F52-E6F768D1F9C9}"
EndProject
Project("{8BC9CEB8-8B4A-11D0-8D11-00A0C91BC942}") = "KylTek Server", "KylTek Server\KylTek Server.vcproj", "{13643E64-EAFA-404E-95A1-561535DFE1F4}"
EndProject
Global
	GlobalSection(SolutionConfigurationPlatforms) = preSolution
		Debug|Win32 = Debug|Win32
		Release|Win32 = Release|Win32
	EndGlobalSection
	GlobalSection(ProjectConfigurationPlatforms) = postSolution
		{997F997B-D3AD-4B39-8F52-E6F768D1F9C9}.Debug|Win32.ActiveCfg = Debug|Win32
		{997F997B-D3AD-4B39-8F52-E6F768D1F9C9}.Debug|Win32.Build.0 = Debug|Win32
		{997F997B-D3AD-4B39-8F52-E6F768D1F9C9}.Release|Win32.ActiveCfg = Release|Win32
		{997F997B-D3AD-4B39-8F52-E6F768D1F9C9}.Release|Win32.Build.0 = Release|Win32
		{13643E64-EAFA-404E-95A1-561535DFE1F4}.Debug|Win32.ActiveCfg = Debug|Win32
		{13643E64-EAFA-404E-95A1-561535DFE1F4}.Debug|Win32.Build.0 = Debug|Win32
		{13643E64-EAFA-404E-95A1-561535DFE1F4}.Release|Win32.ActiveCfg = Release|Win32
	EndGlobalSection
	GlobalSection(SolutionProperties) = preSolution
		HideSolutionNode = FALSE
	EndGlobalSection
EndGlobal
